
Microsoft Visual Studio Solution File, Format Version 12.00
# Visual Studio 15
VisualStudioVersion = 15.0.28307.329
MinimumVisualStudioVersion = 10.0.40219.1
Project("{FAE04EC0-301F-11D3-BF4B-00C04F79EFBC}") = "AstronomicDirectory", "AstronomicDirectory\AstronomicDirectory.csproj", "{75F2E46B-5A1E-471F-80BF-AD8ADCD34A51}"
EndProject
Project("{FAE04EC0-301F-11D3-BF4B-00C04F79EFBC}") = "Form", "Form\Form.csproj", "{2486FE04-E8E5-4D8F-BFD4-3B86D0D53A22}"
EndProject
Global
	GlobalSection(SolutionConfigurationPlatforms) = preSolution
		Debug|Any CPU = Debug|Any CPU
		Release|Any CPU = Release|Any CPU
	EndGlobalSection
	GlobalSection(ProjectConfigurationPlatforms) = postSolution
		{75F2E46B-5A1E-471F-80BF-AD8ADCD34A51}.Debug|Any CPU.ActiveCfg = Debug|Any CPU
		{75F2E46B-5A1E-471F-80BF-AD8ADCD34A51}.Debug|Any CPU.Build.0 = Debug|Any CPU
		{75F2E46B-5A1E-471F-80BF-AD8ADCD34A51}.Release|Any CPU.ActiveCfg = Release|Any CPU
		{75F2E46B-5A1E-471F-80BF-AD8ADCD34A51}.Release|Any CPU.Build.0 = Release|Any CPU
		{2486FE04-E8E5-4D8F-BFD4-3B86D0D53A22}.Debug|Any CPU.ActiveCfg = Debug|Any CPU
		{2486FE04-E8E5-4D8F-BFD4-3B86D0D53A22}.Debug|Any CPU.Build.0 = Debug|Any CPU
		{2486FE04-E8E5-4D8F-BFD4-3B86D0D53A22}.Release|Any CPU.ActiveCfg = Release|Any CPU
		{2486FE04-E8E5-4D8F-BFD4-3B86D0D53A22}.Release|Any CPU.Build.0 = Release|Any CPU
	EndGlobalSection
	GlobalSection(SolutionProperties) = preSolution
		HideSolutionNode = FALSE
	EndGlobalSection
	GlobalSection(ExtensibilityGlobals) = postSolution
		SolutionGuid = {A3A5FDF5-691D-49BF-853A-EBAD8CCFEB34}
	EndGlobalSection
EndGlobal
